
Microsoft Visual Studio Solution File, Format Version 12.00
# Visual Studio 2015
Project("{FAE04EC0-301F-11D3-BF4B-00C04F79EFBC}") = "AppleGum.CSharp", "AppleGum.CSharp.csproj", "{EFBC2795-3693-0ED1-0FF3-B7B472C5B7CD}"
EndProject
Global
	GlobalSection(SolutionConfigurationPlatforms) = preSolution
		Debug|Any CPU = Debug|Any CPU
		Release|Any CPU = Release|Any CPU
	EndGlobalSection
	GlobalSection(ProjectConfigurationPlatforms) = postSolution
		{EFBC2795-3693-0ED1-0FF3-B7B472C5B7CD}.Debug|Any CPU.ActiveCfg = Debug|Any CPU
		{EFBC2795-3693-0ED1-0FF3-B7B472C5B7CD}.Debug|Any CPU.Build.0 = Debug|Any CPU
		{EFBC2795-3693-0ED1-0FF3-B7B472C5B7CD}.Release|Any CPU.ActiveCfg = Release|Any CPU
		{EFBC2795-3693-0ED1-0FF3-B7B472C5B7CD}.Release|Any CPU.Build.0 = Release|Any CPU
	EndGlobalSection
	GlobalSection(SolutionProperties) = preSolution
		HideSolutionNode = FALSE
	EndGlobalSection
EndGlobal
